
Microsoft Visual Studio Solution File, Format Version 12.00
# Visual Studio Version 17
VisualStudioVersion = 17.11.35208.52
MinimumVisualStudioVersion = 10.0.40219.1
Project("{FAE04EC0-301F-11D3-BF4B-00C04F79EFBC}") = "CompanyWebSite.API", "CompanyWebSite.API\CompanyWebSite.API.csproj", "{EFA25882-B952-4BFB-8302-FA17598A7DB3}"
EndProject
Global
	GlobalSection(SolutionConfigurationPlatforms) = preSolution
		Debug|Any CPU = Debug|Any CPU
		Release|Any CPU = Release|Any CPU
	EndGlobalSection
	GlobalSection(ProjectConfigurationPlatforms) = postSolution
		{EFA25882-B952-4BFB-8302-FA17598A7DB3}.Debug|Any CPU.ActiveCfg = Debug|Any CPU
		{EFA25882-B952-4BFB-8302-FA17598A7DB3}.Debug|Any CPU.Build.0 = Debug|Any CPU
		{EFA25882-B952-4BFB-8302-FA17598A7DB3}.Release|Any CPU.ActiveCfg = Release|Any CPU
		{EFA25882-B952-4BFB-8302-FA17598A7DB3}.Release|Any CPU.Build.0 = Release|Any CPU
	EndGlobalSection
	GlobalSection(SolutionProperties) = preSolution
		HideSolutionNode = FALSE
	EndGlobalSection
	GlobalSection(ExtensibilityGlobals) = postSolution
		SolutionGuid = {F541FB6D-049F-43FF-9890-2391C0EDF014}
	EndGlobalSection
EndGlobal
