
Microsoft Visual Studio Solution File, Format Version 12.00
# Visual Studio Version 17
VisualStudioVersion = 17.11.35208.52
MinimumVisualStudioVersion = 10.0.40219.1
Project("{9A19103F-16F7-4668-BE54-9A1E7A4F7556}") = "CompanyWebSite.API", "CompanyWebSite.API\CompanyWebSite.API.csproj", "{EFA25882-B952-4BFB-8302-FA17598A7DB3}"
EndProject
Project("{2150E333-8FDC-42A3-9474-1A3956D46DE8}") = "00 Cross Cutting", "00 Cross Cutting", "{1093BF1B-803A-420D-BACD-7F24B25912E2}"
EndProject
Project("{2150E333-8FDC-42A3-9474-1A3956D46DE8}") = "01 User Interface", "01 User Interface", "{E2087D34-A15F-483A-890C-B5104760F7C6}"
EndProject
Project("{2150E333-8FDC-42A3-9474-1A3956D46DE8}") = "02 Application", "02 Application", "{8BFEEF21-86D0-424A-B6CD-6C8E6D320714}"
EndProject
Project("{2150E333-8FDC-42A3-9474-1A3956D46DE8}") = "03 Database", "03 Database", "{7FEA5841-6458-4553-9302-86579A7A0032}"
EndProject
Project("{9A19103F-16F7-4668-BE54-9A1E7A4F7556}") = "CompanyWebSite.DataAccess", "CompanyWebSite.DataAccess\CompanyWebSite.DataAccess.csproj", "{5FD740F8-F728-4C33-83F1-C1317AFBF3BB}"
EndProject
Project("{9A19103F-16F7-4668-BE54-9A1E7A4F7556}") = "CompanyWebSite.Business", "CompanyWebSite.Business\CompanyWebSite.Business.csproj", "{4C55D338-C2EE-4A0F-8CC4-FD41A9D5EB6B}"
EndProject
Project("{9A19103F-16F7-4668-BE54-9A1E7A4F7556}") = "CompanyWebSite.Domain", "CompanyWebSite.Domain\CompanyWebSite.Domain.csproj", "{D044F551-E655-4449-8FA4-E37E93E6EC23}"
EndProject
Project("{9A19103F-16F7-4668-BE54-9A1E7A4F7556}") = "CompanyWebSite.Tests", "CompanyWebSite.Tests\CompanyWebSite.Tests.csproj", "{D7913992-9E14-4306-875A-8B2620B02A3E}"
EndProject
Project("{9A19103F-16F7-4668-BE54-9A1E7A4F7556}") = "CompanyWebSite.Dto", "CompanyWebSite.Dto\CompanyWebSite.Dto.csproj", "{F7FB602A-0557-4BB5-A046-6A6EB150398E}"
EndProject
Project("{9A19103F-16F7-4668-BE54-9A1E7A4F7556}") = "CompanyWebSite.WebApp", "CompanyWebSite.WebApp\CompanyWebSite.WebApp.csproj", "{845883A5-BA00-4C0D-BF9A-CC9B824082CB}"
EndProject
Global
	GlobalSection(SolutionConfigurationPlatforms) = preSolution
		Debug|Any CPU = Debug|Any CPU
		Release|Any CPU = Release|Any CPU
	EndGlobalSection
	GlobalSection(ProjectConfigurationPlatforms) = postSolution
		{EFA25882-B952-4BFB-8302-FA17598A7DB3}.Debug|Any CPU.ActiveCfg = Debug|Any CPU
		{EFA25882-B952-4BFB-8302-FA17598A7DB3}.Debug|Any CPU.Build.0 = Debug|Any CPU
		{EFA25882-B952-4BFB-8302-FA17598A7DB3}.Release|Any CPU.ActiveCfg = Release|Any CPU
		{EFA25882-B952-4BFB-8302-FA17598A7DB3}.Release|Any CPU.Build.0 = Release|Any CPU
		{5FD740F8-F728-4C33-83F1-C1317AFBF3BB}.Debug|Any CPU.ActiveCfg = Debug|Any CPU
		{5FD740F8-F728-4C33-83F1-C1317AFBF3BB}.Debug|Any CPU.Build.0 = Debug|Any CPU
		{5FD740F8-F728-4C33-83F1-C1317AFBF3BB}.Release|Any CPU.ActiveCfg = Release|Any CPU
		{5FD740F8-F728-4C33-83F1-C1317AFBF3BB}.Release|Any CPU.Build.0 = Release|Any CPU
		{4C55D338-C2EE-4A0F-8CC4-FD41A9D5EB6B}.Debug|Any CPU.ActiveCfg = Debug|Any CPU
		{4C55D338-C2EE-4A0F-8CC4-FD41A9D5EB6B}.Debug|Any CPU.Build.0 = Debug|Any CPU
		{4C55D338-C2EE-4A0F-8CC4-FD41A9D5EB6B}.Release|Any CPU.ActiveCfg = Release|Any CPU
		{4C55D338-C2EE-4A0F-8CC4-FD41A9D5EB6B}.Release|Any CPU.Build.0 = Release|Any CPU
		{D044F551-E655-4449-8FA4-E37E93E6EC23}.Debug|Any CPU.ActiveCfg = Debug|Any CPU
		{D044F551-E655-4449-8FA4-E37E93E6EC23}.Debug|Any CPU.Build.0 = Debug|Any CPU
		{D044F551-E655-4449-8FA4-E37E93E6EC23}.Release|Any CPU.ActiveCfg = Release|Any CPU
		{D044F551-E655-4449-8FA4-E37E93E6EC23}.Release|Any CPU.Build.0 = Release|Any CPU
		{D7913992-9E14-4306-875A-8B2620B02A3E}.Debug|Any CPU.ActiveCfg = Debug|Any CPU
		{D7913992-9E14-4306-875A-8B2620B02A3E}.Debug|Any CPU.Build.0 = Debug|Any CPU
		{D7913992-9E14-4306-875A-8B2620B02A3E}.Release|Any CPU.ActiveCfg = Release|Any CPU
		{D7913992-9E14-4306-875A-8B2620B02A3E}.Release|Any CPU.Build.0 = Release|Any CPU
		{F7FB602A-0557-4BB5-A046-6A6EB150398E}.Debug|Any CPU.ActiveCfg = Debug|Any CPU
		{F7FB602A-0557-4BB5-A046-6A6EB150398E}.Debug|Any CPU.Build.0 = Debug|Any CPU
		{F7FB602A-0557-4BB5-A046-6A6EB150398E}.Release|Any CPU.ActiveCfg = Release|Any CPU
		{F7FB602A-0557-4BB5-A046-6A6EB150398E}.Release|Any CPU.Build.0 = Release|Any CPU
		{845883A5-BA00-4C0D-BF9A-CC9B824082CB}.Debug|Any CPU.ActiveCfg = Debug|Any CPU
		{845883A5-BA00-4C0D-BF9A-CC9B824082CB}.Debug|Any CPU.Build.0 = Debug|Any CPU
		{845883A5-BA00-4C0D-BF9A-CC9B824082CB}.Release|Any CPU.ActiveCfg = Release|Any CPU
		{845883A5-BA00-4C0D-BF9A-CC9B824082CB}.Release|Any CPU.Build.0 = Release|Any CPU
	EndGlobalSection
	GlobalSection(SolutionProperties) = preSolution
		HideSolutionNode = FALSE
	EndGlobalSection
	GlobalSection(NestedProjects) = preSolution
		{EFA25882-B952-4BFB-8302-FA17598A7DB3} = {E2087D34-A15F-483A-890C-B5104760F7C6}
		{5FD740F8-F728-4C33-83F1-C1317AFBF3BB} = {7FEA5841-6458-4553-9302-86579A7A0032}
		{4C55D338-C2EE-4A0F-8CC4-FD41A9D5EB6B} = {8BFEEF21-86D0-424A-B6CD-6C8E6D320714}
		{D044F551-E655-4449-8FA4-E37E93E6EC23} = {8BFEEF21-86D0-424A-B6CD-6C8E6D320714}
		{D7913992-9E14-4306-875A-8B2620B02A3E} = {8BFEEF21-86D0-424A-B6CD-6C8E6D320714}
		{F7FB602A-0557-4BB5-A046-6A6EB150398E} = {1093BF1B-803A-420D-BACD-7F24B25912E2}
		{845883A5-BA00-4C0D-BF9A-CC9B824082CB} = {E2087D34-A15F-483A-890C-B5104760F7C6}
	EndGlobalSection
	GlobalSection(ExtensibilityGlobals) = postSolution
		SolutionGuid = {F541FB6D-049F-43FF-9890-2391C0EDF014}
	EndGlobalSection
EndGlobal
